
Microsoft Visual Studio Solution File, Format Version 12.00
# Visual Studio 15
VisualStudioVersion = 15.0.27428.2015
MinimumVisualStudioVersion = 10.0.40219.1
Project("{FAE04EC0-301F-11D3-BF4B-00C04F79EFBC}") = "MyAppExtension", "MyAppExtension\MyAppExtension.csproj", "{31E1637E-76A7-4D28-BA35-B40B2A045C19}"
EndProject
Global
	GlobalSection(SolutionConfigurationPlatforms) = preSolution
		Debug|Any CPU = Debug|Any CPU
		Release|Any CPU = Release|Any CPU
	EndGlobalSection
	GlobalSection(ProjectConfigurationPlatforms) = postSolution
		{31E1637E-76A7-4D28-BA35-B40B2A045C19}.Debug|Any CPU.ActiveCfg = Debug|Any CPU
		{31E1637E-76A7-4D28-BA35-B40B2A045C19}.Debug|Any CPU.Build.0 = Debug|Any CPU
		{31E1637E-76A7-4D28-BA35-B40B2A045C19}.Release|Any CPU.ActiveCfg = Release|Any CPU
		{31E1637E-76A7-4D28-BA35-B40B2A045C19}.Release|Any CPU.Build.0 = Release|Any CPU
	EndGlobalSection
	GlobalSection(SolutionProperties) = preSolution
		HideSolutionNode = FALSE
	EndGlobalSection
	GlobalSection(ExtensibilityGlobals) = postSolution
		SolutionGuid = {A9E66570-1146-41A5-8DCD-F5B9C14C56AA}
	EndGlobalSection
EndGlobal
